
Microsoft Visual Studio Solution File, Format Version 12.00
# Visual Studio Version 16
VisualStudioVersion = 16.0.29009.5
MinimumVisualStudioVersion = 10.0.40219.1
Project("{D954291E-2A0B-460D-934E-DC6B0785DB48}") = "bayoen.library.Metro", "bayoen.library.Metro\bayoen.library.Metro.shproj", "{761C31E7-C1B7-4C29-B994-ADA86F16A372}"
EndProject
Project("{FAE04EC0-301F-11D3-BF4B-00C04F79EFBC}") = "bayoen.star.Launcher", "bayoen.star.Launcher\bayoen.star.Launcher.csproj", "{24514D63-12EC-4462-B0B8-08119C58AFCF}"
EndProject
Project("{D954291E-2A0B-460D-934E-DC6B0785DB48}") = "bayoen.library.General", "bayoen.library.General\bayoen.library.General.shproj", "{CEB7A0F0-FAAC-477B-9669-01B8B7DE0482}"
EndProject
Project("{FAE04EC0-301F-11D3-BF4B-00C04F79EFBC}") = "bayoen.global.XAMLMaker", "bayoen.global.XAMLMaker\bayoen.global.XAMLMaker.csproj", "{7ABE1E6B-5FB8-4764-990A-7AA6CBF86A35}"
EndProject
Project("{FAE04EC0-301F-11D3-BF4B-00C04F79EFBC}") = "bayoen.star.Old", "bayoen.star.Old\bayoen.star.Old.csproj", "{CB832682-39DC-4BE3-8324-AE18177D3ABC}"
EndProject
Project("{FAE04EC0-301F-11D3-BF4B-00C04F79EFBC}") = "bayoen.star", "bayoen.star\bayoen.star.csproj", "{DD573720-6648-4F42-965B-0B1ADE1606AD}"
EndProject
Project("{FAE04EC0-301F-11D3-BF4B-00C04F79EFBC}") = "bayoen.star.Release", "bayoen.star.Release\bayoen.star.Release.csproj", "{8F55B8BB-1E23-485F-A4AB-D8E1C570854A}"
EndProject
Global
	GlobalSection(SharedMSBuildProjectFiles) = preSolution
		bayoen.library.General\bayoen.library.General.projitems*{24514d63-12ec-4462-b0b8-08119c58afcf}*SharedItemsImports = 4
		bayoen.library.Metro\bayoen.library.Metro.projitems*{24514d63-12ec-4462-b0b8-08119c58afcf}*SharedItemsImports = 4
		bayoen.library.Metro\bayoen.library.Metro.projitems*{761c31e7-c1b7-4c29-b994-ada86f16a372}*SharedItemsImports = 13
		bayoen.library.General\bayoen.library.General.projitems*{8f55b8bb-1e23-485f-a4ab-d8e1c570854a}*SharedItemsImports = 4
		bayoen.library.Metro\bayoen.library.Metro.projitems*{8f55b8bb-1e23-485f-a4ab-d8e1c570854a}*SharedItemsImports = 4
		bayoen.library.General\bayoen.library.General.projitems*{cb832682-39dc-4be3-8324-ae18177d3abc}*SharedItemsImports = 4
		bayoen.library.Metro\bayoen.library.Metro.projitems*{cb832682-39dc-4be3-8324-ae18177d3abc}*SharedItemsImports = 4
		bayoen.library.General\bayoen.library.General.projitems*{ceb7a0f0-faac-477b-9669-01b8b7de0482}*SharedItemsImports = 13
		bayoen.library.General\bayoen.library.General.projitems*{dd573720-6648-4f42-965b-0b1ade1606ad}*SharedItemsImports = 4
		bayoen.library.Metro\bayoen.library.Metro.projitems*{dd573720-6648-4f42-965b-0b1ade1606ad}*SharedItemsImports = 4
	EndGlobalSection
	GlobalSection(SolutionConfigurationPlatforms) = preSolution
		Debug|Any CPU = Debug|Any CPU
		Debug|x64 = Debug|x64
		Release|Any CPU = Release|Any CPU
		Release|x64 = Release|x64
	EndGlobalSection
	GlobalSection(ProjectConfigurationPlatforms) = postSolution
		{24514D63-12EC-4462-B0B8-08119C58AFCF}.Debug|Any CPU.ActiveCfg = Debug|x64
		{24514D63-12EC-4462-B0B8-08119C58AFCF}.Debug|x64.ActiveCfg = Debug|x64
		{24514D63-12EC-4462-B0B8-08119C58AFCF}.Debug|x64.Build.0 = Debug|x64
		{24514D63-12EC-4462-B0B8-08119C58AFCF}.Release|Any CPU.ActiveCfg = Release|x64
		{24514D63-12EC-4462-B0B8-08119C58AFCF}.Release|x64.ActiveCfg = Release|x64
		{24514D63-12EC-4462-B0B8-08119C58AFCF}.Release|x64.Build.0 = Release|x64
		{7ABE1E6B-5FB8-4764-990A-7AA6CBF86A35}.Debug|Any CPU.ActiveCfg = Debug|Any CPU
		{7ABE1E6B-5FB8-4764-990A-7AA6CBF86A35}.Debug|Any CPU.Build.0 = Debug|Any CPU
		{7ABE1E6B-5FB8-4764-990A-7AA6CBF86A35}.Debug|x64.ActiveCfg = Debug|Any CPU
		{7ABE1E6B-5FB8-4764-990A-7AA6CBF86A35}.Debug|x64.Build.0 = Debug|Any CPU
		{7ABE1E6B-5FB8-4764-990A-7AA6CBF86A35}.Release|Any CPU.ActiveCfg = Release|Any CPU
		{7ABE1E6B-5FB8-4764-990A-7AA6CBF86A35}.Release|Any CPU.Build.0 = Release|Any CPU
		{7ABE1E6B-5FB8-4764-990A-7AA6CBF86A35}.Release|x64.ActiveCfg = Release|Any CPU
		{7ABE1E6B-5FB8-4764-990A-7AA6CBF86A35}.Release|x64.Build.0 = Release|Any CPU
		{CB832682-39DC-4BE3-8324-AE18177D3ABC}.Debug|Any CPU.ActiveCfg = Debug|x64
		{CB832682-39DC-4BE3-8324-AE18177D3ABC}.Debug|x64.ActiveCfg = Debug|x64
		{CB832682-39DC-4BE3-8324-AE18177D3ABC}.Debug|x64.Build.0 = Debug|x64
		{CB832682-39DC-4BE3-8324-AE18177D3ABC}.Release|Any CPU.ActiveCfg = Release|x64
		{CB832682-39DC-4BE3-8324-AE18177D3ABC}.Release|x64.ActiveCfg = Release|x64
		{CB832682-39DC-4BE3-8324-AE18177D3ABC}.Release|x64.Build.0 = Release|x64
		{DD573720-6648-4F42-965B-0B1ADE1606AD}.Debug|Any CPU.ActiveCfg = Debug|x64
		{DD573720-6648-4F42-965B-0B1ADE1606AD}.Debug|x64.ActiveCfg = Debug|x64
		{DD573720-6648-4F42-965B-0B1ADE1606AD}.Debug|x64.Build.0 = Debug|x64
		{DD573720-6648-4F42-965B-0B1ADE1606AD}.Release|Any CPU.ActiveCfg = Release|x64
		{DD573720-6648-4F42-965B-0B1ADE1606AD}.Release|x64.ActiveCfg = Release|x64
		{DD573720-6648-4F42-965B-0B1ADE1606AD}.Release|x64.Build.0 = Release|x64
		{8F55B8BB-1E23-485F-A4AB-D8E1C570854A}.Debug|Any CPU.ActiveCfg = Debug|x64
		{8F55B8BB-1E23-485F-A4AB-D8E1C570854A}.Debug|x64.ActiveCfg = Debug|x64
		{8F55B8BB-1E23-485F-A4AB-D8E1C570854A}.Debug|x64.Build.0 = Debug|x64
		{8F55B8BB-1E23-485F-A4AB-D8E1C570854A}.Release|Any CPU.ActiveCfg = Release|x64
		{8F55B8BB-1E23-485F-A4AB-D8E1C570854A}.Release|x64.ActiveCfg = Release|x64
		{8F55B8BB-1E23-485F-A4AB-D8E1C570854A}.Release|x64.Build.0 = Release|x64
	EndGlobalSection
	GlobalSection(SolutionProperties) = preSolution
		HideSolutionNode = FALSE
	EndGlobalSection
	GlobalSection(ExtensibilityGlobals) = postSolution
		SolutionGuid = {E81F91D2-BEF4-4642-8A17-4FB9C11B812B}
	EndGlobalSection
EndGlobal
